<?xml version="1.0" encoding="utf-8"?>
<Project ToolsVersion="4.0" xmlns="http://schemas.microsoft.com/developer/msbuild/2003">
  <ItemGroup>
    <Filter Include="Source Files">
      <UniqueIdentifier>{4FC737F1-C7A5-4376-A066-2A32D752A2FF}</UniqueIdentifier>
      <Extensions>cpp;c;cc;cxx;c++;cppm;ixx;def;odl;idl;hpj;bat;asm;asmx</Extensions>
    </Filter>
    <Filter Include="Header Files">
      <UniqueIdentifier>{93995380-89BD-4b04-88EB-625FBE52EBFB}</UniqueIdentifier>
      <Extensions>h;hh;hpp;hxx;h++;hm;inl;inc;ipp;xsd</Extensions>
    </Filter>
    <Filter Include="Resource Files">
      <UniqueIdentifier>{67DA6AB6-F800-4c08-8B7A-83BB121AAD01}</UniqueIdentifier>
      <Extensions>rc;ico;cur;bmp;dlg;rc2;rct;bin;rgs;gif;jpg;jpeg;jpe;resx;tiff;tif;png;wav;mfcribbon-ms</Extensions>
    </Filter>
  </ItemGroup>
  <ItemGroup>
    <ClCompile Include="oop_dz_nine.cpp">
      <Filter>Source Files</Filter>
    </ClCompile>
    <ClCompile Include="Greater.cpp">
      <Filter>Source Files</Filter>
    </ClCompile>
    <ClCompile Include="Less.cpp">
      <Filter>Source Files</Filter>
    </ClCompile>
    <ClCompile Include="SortedRandomArray.cpp">
      <Filter>Source Files</Filter>
    </ClCompile>
    <ClCompile Include="LessEquals.cpp">
      <Filter>Source Files</Filter>
    </ClCompile>
    <ClCompile Include="GreaterEquals.cpp">
      <Filter>Source Files</Filter>
    </ClCompile>
    <ClCompile Include="Equals.cpp">
      <Filter>Source Files</Filter>
    </ClCompile>
    <ClCompile Include="NotEquals.cpp">
      <Filter>Source Files</Filter>
    </ClCompile>
  </ItemGroup>
  <ItemGroup>
    <ClInclude Include="Greater.h">
      <Filter>Header Files</Filter>
    </ClInclude>
    <ClInclude Include="Less.h">
      <Filter>Header Files</Filter>
    </ClInclude>
    <ClInclude Include="SortedRandomArray.h">
      <Filter>Header Files</Filter>
    </ClInclude>
    <ClInclude Include="LessEquals.h">
      <Filter>Header Files</Filter>
    </ClInclude>
    <ClInclude Include="GreaterEquals.h">
      <Filter>Header Files</Filter>
    </ClInclude>
    <ClInclude Include="Equals.h">
      <Filter>Header Files</Filter>
    </ClInclude>
    <ClInclude Include="NotEquals.h">
      <Filter>Header Files</Filter>
    </ClInclude>
  </ItemGroup>
</Project>