
Microsoft Visual Studio Solution File, Format Version 12.00
# Visual Studio Version 17
VisualStudioVersion = 17.6.33815.320
MinimumVisualStudioVersion = 10.0.40219.1
Project("{8BC9CEB8-8B4A-11D0-8D11-00A0C91BC942}") = "oop_lesson_six", "oop_lesson_six.vcxproj", "{A121B319-D6AF-4AE7-862F-65B7168B3CDE}"
EndProject
Global
	GlobalSection(SolutionConfigurationPlatforms) = preSolution
		Debug|x64 = Debug|x64
		Debug|x86 = Debug|x86
		Release|x64 = Release|x64
		Release|x86 = Release|x86
	EndGlobalSection
	GlobalSection(ProjectConfigurationPlatforms) = postSolution
		{A121B319-D6AF-4AE7-862F-65B7168B3CDE}.Debug|x64.ActiveCfg = Debug|x64
		{A121B319-D6AF-4AE7-862F-65B7168B3CDE}.Debug|x64.Build.0 = Debug|x64
		{A121B319-D6AF-4AE7-862F-65B7168B3CDE}.Debug|x86.ActiveCfg = Debug|Win32
		{A121B319-D6AF-4AE7-862F-65B7168B3CDE}.Debug|x86.Build.0 = Debug|Win32
		{A121B319-D6AF-4AE7-862F-65B7168B3CDE}.Release|x64.ActiveCfg = Release|x64
		{A121B319-D6AF-4AE7-862F-65B7168B3CDE}.Release|x64.Build.0 = Release|x64
		{A121B319-D6AF-4AE7-862F-65B7168B3CDE}.Release|x86.ActiveCfg = Release|Win32
		{A121B319-D6AF-4AE7-862F-65B7168B3CDE}.Release|x86.Build.0 = Release|Win32
	EndGlobalSection
	GlobalSection(SolutionProperties) = preSolution
		HideSolutionNode = FALSE
	EndGlobalSection
	GlobalSection(ExtensibilityGlobals) = postSolution
		SolutionGuid = {07E7693A-21A8-4309-8C09-AB731C30BF78}
	EndGlobalSection
EndGlobal
